
Microsoft Visual Studio Solution File, Format Version 12.00
# Visual Studio Version 16
VisualStudioVersion = 16.0.29519.181
MinimumVisualStudioVersion = 10.0.40219.1
Project("{9A19103F-16F7-4668-BE54-9A1E7A4F7556}") = "EosWeb.Blazor", "src\EosWeb.Blazor\EosWeb.Blazor.csproj", "{69019037-0AAF-48CB-8C68-A6401E41C5A8}"
EndProject
Project("{9A19103F-16F7-4668-BE54-9A1E7A4F7556}") = "EosWeb.Core", "src\EosWeb.Core\EosWeb.Core.csproj", "{CFE4CAB5-9AC5-48BB-87C6-E407FED2773D}"
EndProject
Project("{2150E333-8FDC-42A3-9474-1A3956D46DE8}") = "bespoke", "bespoke", "{061EEAB9-8EF3-4F41-B0B2-E20F660C74BA}"
EndProject
Project("{9A19103F-16F7-4668-BE54-9A1E7A4F7556}") = "Bespoke.Osc", "lib\bespoke.osc\Bespoke.Osc\Bespoke.Osc.csproj", "{907146C0-9E57-4B53-8C2F-43C742FDFC1C}"
EndProject
Project("{9A19103F-16F7-4668-BE54-9A1E7A4F7556}") = "Bespoke.Common", "lib\bespoke.osc\Bespoke.Common\Bespoke.Common.csproj", "{9204024D-78CF-485E-A2FA-DE08589EF677}"
EndProject
Project("{2150E333-8FDC-42A3-9474-1A3956D46DE8}") = "Samples", "Samples", "{B5865299-3825-4FAB-ABB6-D25D3C433F83}"
EndProject
Project("{9A19103F-16F7-4668-BE54-9A1E7A4F7556}") = "Transmitter", "lib\bespoke.osc\Samples\CS\Transmitter\Transmitter.csproj", "{E85930B5-3E31-44FE-8197-8B342D99B1D2}"
EndProject
Project("{9A19103F-16F7-4668-BE54-9A1E7A4F7556}") = "Receiver", "lib\bespoke.osc\Samples\CS\Receiver\Receiver.csproj", "{6E8E1FD9-EA69-470E-927D-66CB69514909}"
EndProject
Project("{9A19103F-16F7-4668-BE54-9A1E7A4F7556}") = "EosWeb.Test", "src\EosWeb.Test\EosWeb.Test.csproj", "{85F50816-9C6F-4C31-BEBD-57DDD1DE5975}"
EndProject
Project("{2150E333-8FDC-42A3-9474-1A3956D46DE8}") = "lib", "lib", "{CCEB9A41-C852-4870-B41C-422ADC670B56}"
EndProject
Project("{2150E333-8FDC-42A3-9474-1A3956D46DE8}") = "pubsub", "pubsub", "{FE3219FD-D26A-469E-945F-5B7F9D92E32E}"
EndProject
Project("{9A19103F-16F7-4668-BE54-9A1E7A4F7556}") = "PubSub", "lib\pubsub\PubSub\PubSub.csproj", "{C73D1486-C5C4-4BF0-AE0B-D0A214E2CCB9}"
EndProject
Project("{2150E333-8FDC-42A3-9474-1A3956D46DE8}") = ".github", ".github", "{079CDD68-A1C0-44F9-9EF5-F24F3B180730}"
EndProject
Project("{2150E333-8FDC-42A3-9474-1A3956D46DE8}") = "workflows", "workflows", "{0C75A4A0-CDB9-4D6E-B4CC-BB75CFC57889}"
	ProjectSection(SolutionItems) = preProject
		.github\workflows\dotnetcore.yml = .github\workflows\dotnetcore.yml
	EndProjectSection
EndProject
Global
	GlobalSection(SolutionConfigurationPlatforms) = preSolution
		Ad-Hoc|Any CPU = Ad-Hoc|Any CPU
		Ad-Hoc|ARM = Ad-Hoc|ARM
		Ad-Hoc|iPhone = Ad-Hoc|iPhone
		Ad-Hoc|iPhoneSimulator = Ad-Hoc|iPhoneSimulator
		Ad-Hoc|x64 = Ad-Hoc|x64
		Ad-Hoc|x86 = Ad-Hoc|x86
		AppStore|Any CPU = AppStore|Any CPU
		AppStore|ARM = AppStore|ARM
		AppStore|iPhone = AppStore|iPhone
		AppStore|iPhoneSimulator = AppStore|iPhoneSimulator
		AppStore|x64 = AppStore|x64
		AppStore|x86 = AppStore|x86
		Debug|Any CPU = Debug|Any CPU
		Debug|ARM = Debug|ARM
		Debug|iPhone = Debug|iPhone
		Debug|iPhoneSimulator = Debug|iPhoneSimulator
		Debug|x64 = Debug|x64
		Debug|x86 = Debug|x86
		Release|Any CPU = Release|Any CPU
		Release|ARM = Release|ARM
		Release|iPhone = Release|iPhone
		Release|iPhoneSimulator = Release|iPhoneSimulator
		Release|x64 = Release|x64
		Release|x86 = Release|x86
	EndGlobalSection
	GlobalSection(ProjectConfigurationPlatforms) = postSolution
		{69019037-0AAF-48CB-8C68-A6401E41C5A8}.Ad-Hoc|Any CPU.ActiveCfg = Debug|Any CPU
		{69019037-0AAF-48CB-8C68-A6401E41C5A8}.Ad-Hoc|Any CPU.Build.0 = Debug|Any CPU
		{69019037-0AAF-48CB-8C68-A6401E41C5A8}.Ad-Hoc|ARM.ActiveCfg = Debug|Any CPU
		{69019037-0AAF-48CB-8C68-A6401E41C5A8}.Ad-Hoc|ARM.Build.0 = Debug|Any CPU
		{69019037-0AAF-48CB-8C68-A6401E41C5A8}.Ad-Hoc|iPhone.ActiveCfg = Debug|Any CPU
		{69019037-0AAF-48CB-8C68-A6401E41C5A8}.Ad-Hoc|iPhone.Build.0 = Debug|Any CPU
		{69019037-0AAF-48CB-8C68-A6401E41C5A8}.Ad-Hoc|iPhoneSimulator.ActiveCfg = Debug|Any CPU
		{69019037-0AAF-48CB-8C68-A6401E41C5A8}.Ad-Hoc|iPhoneSimulator.Build.0 = Debug|Any CPU
		{69019037-0AAF-48CB-8C68-A6401E41C5A8}.Ad-Hoc|x64.ActiveCfg = Debug|Any CPU
		{69019037-0AAF-48CB-8C68-A6401E41C5A8}.Ad-Hoc|x64.Build.0 = Debug|Any CPU
		{69019037-0AAF-48CB-8C68-A6401E41C5A8}.Ad-Hoc|x86.ActiveCfg = Debug|Any CPU
		{69019037-0AAF-48CB-8C68-A6401E41C5A8}.Ad-Hoc|x86.Build.0 = Debug|Any CPU
		{69019037-0AAF-48CB-8C68-A6401E41C5A8}.AppStore|Any CPU.ActiveCfg = Debug|Any CPU
		{69019037-0AAF-48CB-8C68-A6401E41C5A8}.AppStore|Any CPU.Build.0 = Debug|Any CPU
		{69019037-0AAF-48CB-8C68-A6401E41C5A8}.AppStore|ARM.ActiveCfg = Debug|Any CPU
		{69019037-0AAF-48CB-8C68-A6401E41C5A8}.AppStore|ARM.Build.0 = Debug|Any CPU
		{69019037-0AAF-48CB-8C68-A6401E41C5A8}.AppStore|iPhone.ActiveCfg = Debug|Any CPU
		{69019037-0AAF-48CB-8C68-A6401E41C5A8}.AppStore|iPhone.Build.0 = Debug|Any CPU
		{69019037-0AAF-48CB-8C68-A6401E41C5A8}.AppStore|iPhoneSimulator.ActiveCfg = Debug|Any CPU
		{69019037-0AAF-48CB-8C68-A6401E41C5A8}.AppStore|iPhoneSimulator.Build.0 = Debug|Any CPU
		{69019037-0AAF-48CB-8C68-A6401E41C5A8}.AppStore|x64.ActiveCfg = Debug|Any CPU
		{69019037-0AAF-48CB-8C68-A6401E41C5A8}.AppStore|x64.Build.0 = Debug|Any CPU
		{69019037-0AAF-48CB-8C68-A6401E41C5A8}.AppStore|x86.ActiveCfg = Debug|Any CPU
		{69019037-0AAF-48CB-8C68-A6401E41C5A8}.AppStore|x86.Build.0 = Debug|Any CPU
		{69019037-0AAF-48CB-8C68-A6401E41C5A8}.Debug|Any CPU.ActiveCfg = Debug|Any CPU
		{69019037-0AAF-48CB-8C68-A6401E41C5A8}.Debug|Any CPU.Build.0 = Debug|Any CPU
		{69019037-0AAF-48CB-8C68-A6401E41C5A8}.Debug|ARM.ActiveCfg = Debug|Any CPU
		{69019037-0AAF-48CB-8C68-A6401E41C5A8}.Debug|ARM.Build.0 = Debug|Any CPU
		{69019037-0AAF-48CB-8C68-A6401E41C5A8}.Debug|iPhone.ActiveCfg = Debug|Any CPU
		{69019037-0AAF-48CB-8C68-A6401E41C5A8}.Debug|iPhone.Build.0 = Debug|Any CPU
		{69019037-0AAF-48CB-8C68-A6401E41C5A8}.Debug|iPhoneSimulator.ActiveCfg = Debug|Any CPU
		{69019037-0AAF-48CB-8C68-A6401E41C5A8}.Debug|iPhoneSimulator.Build.0 = Debug|Any CPU
		{69019037-0AAF-48CB-8C68-A6401E41C5A8}.Debug|x64.ActiveCfg = Debug|Any CPU
		{69019037-0AAF-48CB-8C68-A6401E41C5A8}.Debug|x64.Build.0 = Debug|Any CPU
		{69019037-0AAF-48CB-8C68-A6401E41C5A8}.Debug|x86.ActiveCfg = Debug|Any CPU
		{69019037-0AAF-48CB-8C68-A6401E41C5A8}.Debug|x86.Build.0 = Debug|Any CPU
		{69019037-0AAF-48CB-8C68-A6401E41C5A8}.Release|Any CPU.ActiveCfg = Release|Any CPU
		{69019037-0AAF-48CB-8C68-A6401E41C5A8}.Release|Any CPU.Build.0 = Release|Any CPU
		{69019037-0AAF-48CB-8C68-A6401E41C5A8}.Release|ARM.ActiveCfg = Release|Any CPU
		{69019037-0AAF-48CB-8C68-A6401E41C5A8}.Release|ARM.Build.0 = Release|Any CPU
		{69019037-0AAF-48CB-8C68-A6401E41C5A8}.Release|iPhone.ActiveCfg = Release|Any CPU
		{69019037-0AAF-48CB-8C68-A6401E41C5A8}.Release|iPhone.Build.0 = Release|Any CPU
		{69019037-0AAF-48CB-8C68-A6401E41C5A8}.Release|iPhoneSimulator.ActiveCfg = Release|Any CPU
		{69019037-0AAF-48CB-8C68-A6401E41C5A8}.Release|iPhoneSimulator.Build.0 = Release|Any CPU
		{69019037-0AAF-48CB-8C68-A6401E41C5A8}.Release|x64.ActiveCfg = Release|Any CPU
		{69019037-0AAF-48CB-8C68-A6401E41C5A8}.Release|x64.Build.0 = Release|Any CPU
		{69019037-0AAF-48CB-8C68-A6401E41C5A8}.Release|x86.ActiveCfg = Release|Any CPU
		{69019037-0AAF-48CB-8C68-A6401E41C5A8}.Release|x86.Build.0 = Release|Any CPU
		{CFE4CAB5-9AC5-48BB-87C6-E407FED2773D}.Ad-Hoc|Any CPU.ActiveCfg = Debug|Any CPU
		{CFE4CAB5-9AC5-48BB-87C6-E407FED2773D}.Ad-Hoc|Any CPU.Build.0 = Debug|Any CPU
		{CFE4CAB5-9AC5-48BB-87C6-E407FED2773D}.Ad-Hoc|ARM.ActiveCfg = Debug|Any CPU
		{CFE4CAB5-9AC5-48BB-87C6-E407FED2773D}.Ad-Hoc|ARM.Build.0 = Debug|Any CPU
		{CFE4CAB5-9AC5-48BB-87C6-E407FED2773D}.Ad-Hoc|iPhone.ActiveCfg = Debug|Any CPU
		{CFE4CAB5-9AC5-48BB-87C6-E407FED2773D}.Ad-Hoc|iPhone.Build.0 = Debug|Any CPU
		{CFE4CAB5-9AC5-48BB-87C6-E407FED2773D}.Ad-Hoc|iPhoneSimulator.ActiveCfg = Debug|Any CPU
		{CFE4CAB5-9AC5-48BB-87C6-E407FED2773D}.Ad-Hoc|iPhoneSimulator.Build.0 = Debug|Any CPU
		{CFE4CAB5-9AC5-48BB-87C6-E407FED2773D}.Ad-Hoc|x64.ActiveCfg = Debug|Any CPU
		{CFE4CAB5-9AC5-48BB-87C6-E407FED2773D}.Ad-Hoc|x64.Build.0 = Debug|Any CPU
		{CFE4CAB5-9AC5-48BB-87C6-E407FED2773D}.Ad-Hoc|x86.ActiveCfg = Debug|Any CPU
		{CFE4CAB5-9AC5-48BB-87C6-E407FED2773D}.Ad-Hoc|x86.Build.0 = Debug|Any CPU
		{CFE4CAB5-9AC5-48BB-87C6-E407FED2773D}.AppStore|Any CPU.ActiveCfg = Debug|Any CPU
		{CFE4CAB5-9AC5-48BB-87C6-E407FED2773D}.AppStore|Any CPU.Build.0 = Debug|Any CPU
		{CFE4CAB5-9AC5-48BB-87C6-E407FED2773D}.AppStore|ARM.ActiveCfg = Debug|Any CPU
		{CFE4CAB5-9AC5-48BB-87C6-E407FED2773D}.AppStore|ARM.Build.0 = Debug|Any CPU
		{CFE4CAB5-9AC5-48BB-87C6-E407FED2773D}.AppStore|iPhone.ActiveCfg = Debug|Any CPU
		{CFE4CAB5-9AC5-48BB-87C6-E407FED2773D}.AppStore|iPhone.Build.0 = Debug|Any CPU
		{CFE4CAB5-9AC5-48BB-87C6-E407FED2773D}.AppStore|iPhoneSimulator.ActiveCfg = Debug|Any CPU
		{CFE4CAB5-9AC5-48BB-87C6-E407FED2773D}.AppStore|iPhoneSimulator.Build.0 = Debug|Any CPU
		{CFE4CAB5-9AC5-48BB-87C6-E407FED2773D}.AppStore|x64.ActiveCfg = Debug|Any CPU
		{CFE4CAB5-9AC5-48BB-87C6-E407FED2773D}.AppStore|x64.Build.0 = Debug|Any CPU
		{CFE4CAB5-9AC5-48BB-87C6-E407FED2773D}.AppStore|x86.ActiveCfg = Debug|Any CPU
		{CFE4CAB5-9AC5-48BB-87C6-E407FED2773D}.AppStore|x86.Build.0 = Debug|Any CPU
		{CFE4CAB5-9AC5-48BB-87C6-E407FED2773D}.Debug|Any CPU.ActiveCfg = Debug|Any CPU
		{CFE4CAB5-9AC5-48BB-87C6-E407FED2773D}.Debug|Any CPU.Build.0 = Debug|Any CPU
		{CFE4CAB5-9AC5-48BB-87C6-E407FED2773D}.Debug|ARM.ActiveCfg = Debug|Any CPU
		{CFE4CAB5-9AC5-48BB-87C6-E407FED2773D}.Debug|ARM.Build.0 = Debug|Any CPU
		{CFE4CAB5-9AC5-48BB-87C6-E407FED2773D}.Debug|iPhone.ActiveCfg = Debug|Any CPU
		{CFE4CAB5-9AC5-48BB-87C6-E407FED2773D}.Debug|iPhone.Build.0 = Debug|Any CPU
		{CFE4CAB5-9AC5-48BB-87C6-E407FED2773D}.Debug|iPhoneSimulator.ActiveCfg = Debug|Any CPU
		{CFE4CAB5-9AC5-48BB-87C6-E407FED2773D}.Debug|iPhoneSimulator.Build.0 = Debug|Any CPU
		{CFE4CAB5-9AC5-48BB-87C6-E407FED2773D}.Debug|x64.ActiveCfg = Debug|Any CPU
		{CFE4CAB5-9AC5-48BB-87C6-E407FED2773D}.Debug|x64.Build.0 = Debug|Any CPU
		{CFE4CAB5-9AC5-48BB-87C6-E407FED2773D}.Debug|x86.ActiveCfg = Debug|Any CPU
		{CFE4CAB5-9AC5-48BB-87C6-E407FED2773D}.Debug|x86.Build.0 = Debug|Any CPU
		{CFE4CAB5-9AC5-48BB-87C6-E407FED2773D}.Release|Any CPU.ActiveCfg = Release|Any CPU
		{CFE4CAB5-9AC5-48BB-87C6-E407FED2773D}.Release|Any CPU.Build.0 = Release|Any CPU
		{CFE4CAB5-9AC5-48BB-87C6-E407FED2773D}.Release|ARM.ActiveCfg = Release|Any CPU
		{CFE4CAB5-9AC5-48BB-87C6-E407FED2773D}.Release|ARM.Build.0 = Release|Any CPU
		{CFE4CAB5-9AC5-48BB-87C6-E407FED2773D}.Release|iPhone.ActiveCfg = Release|Any CPU
		{CFE4CAB5-9AC5-48BB-87C6-E407FED2773D}.Release|iPhone.Build.0 = Release|Any CPU
		{CFE4CAB5-9AC5-48BB-87C6-E407FED2773D}.Release|iPhoneSimulator.ActiveCfg = Release|Any CPU
		{CFE4CAB5-9AC5-48BB-87C6-E407FED2773D}.Release|iPhoneSimulator.Build.0 = Release|Any CPU
		{CFE4CAB5-9AC5-48BB-87C6-E407FED2773D}.Release|x64.ActiveCfg = Release|Any CPU
		{CFE4CAB5-9AC5-48BB-87C6-E407FED2773D}.Release|x64.Build.0 = Release|Any CPU
		{CFE4CAB5-9AC5-48BB-87C6-E407FED2773D}.Release|x86.ActiveCfg = Release|Any CPU
		{CFE4CAB5-9AC5-48BB-87C6-E407FED2773D}.Release|x86.Build.0 = Release|Any CPU
		{907146C0-9E57-4B53-8C2F-43C742FDFC1C}.Ad-Hoc|Any CPU.ActiveCfg = Debug|Any CPU
		{907146C0-9E57-4B53-8C2F-43C742FDFC1C}.Ad-Hoc|Any CPU.Build.0 = Debug|Any CPU
		{907146C0-9E57-4B53-8C2F-43C742FDFC1C}.Ad-Hoc|ARM.ActiveCfg = Debug|Any CPU
		{907146C0-9E57-4B53-8C2F-43C742FDFC1C}.Ad-Hoc|ARM.Build.0 = Debug|Any CPU
		{907146C0-9E57-4B53-8C2F-43C742FDFC1C}.Ad-Hoc|iPhone.ActiveCfg = Debug|Any CPU
		{907146C0-9E57-4B53-8C2F-43C742FDFC1C}.Ad-Hoc|iPhone.Build.0 = Debug|Any CPU
		{907146C0-9E57-4B53-8C2F-43C742FDFC1C}.Ad-Hoc|iPhoneSimulator.ActiveCfg = Debug|Any CPU
		{907146C0-9E57-4B53-8C2F-43C742FDFC1C}.Ad-Hoc|iPhoneSimulator.Build.0 = Debug|Any CPU
		{907146C0-9E57-4B53-8C2F-43C742FDFC1C}.Ad-Hoc|x64.ActiveCfg = Debug|Any CPU
		{907146C0-9E57-4B53-8C2F-43C742FDFC1C}.Ad-Hoc|x64.Build.0 = Debug|Any CPU
		{907146C0-9E57-4B53-8C2F-43C742FDFC1C}.Ad-Hoc|x86.ActiveCfg = Debug|Any CPU
		{907146C0-9E57-4B53-8C2F-43C742FDFC1C}.Ad-Hoc|x86.Build.0 = Debug|Any CPU
		{907146C0-9E57-4B53-8C2F-43C742FDFC1C}.AppStore|Any CPU.ActiveCfg = Debug|Any CPU
		{907146C0-9E57-4B53-8C2F-43C742FDFC1C}.AppStore|Any CPU.Build.0 = Debug|Any CPU
		{907146C0-9E57-4B53-8C2F-43C742FDFC1C}.AppStore|ARM.ActiveCfg = Debug|Any CPU
		{907146C0-9E57-4B53-8C2F-43C742FDFC1C}.AppStore|ARM.Build.0 = Debug|Any CPU
		{907146C0-9E57-4B53-8C2F-43C742FDFC1C}.AppStore|iPhone.ActiveCfg = Debug|Any CPU
		{907146C0-9E57-4B53-8C2F-43C742FDFC1C}.AppStore|iPhone.Build.0 = Debug|Any CPU
		{907146C0-9E57-4B53-8C2F-43C742FDFC1C}.AppStore|iPhoneSimulator.ActiveCfg = Debug|Any CPU
		{907146C0-9E57-4B53-8C2F-43C742FDFC1C}.AppStore|iPhoneSimulator.Build.0 = Debug|Any CPU
		{907146C0-9E57-4B53-8C2F-43C742FDFC1C}.AppStore|x64.ActiveCfg = Debug|Any CPU
		{907146C0-9E57-4B53-8C2F-43C742FDFC1C}.AppStore|x64.Build.0 = Debug|Any CPU
		{907146C0-9E57-4B53-8C2F-43C742FDFC1C}.AppStore|x86.ActiveCfg = Debug|Any CPU
		{907146C0-9E57-4B53-8C2F-43C742FDFC1C}.AppStore|x86.Build.0 = Debug|Any CPU
		{907146C0-9E57-4B53-8C2F-43C742FDFC1C}.Debug|Any CPU.ActiveCfg = Debug|Any CPU
		{907146C0-9E57-4B53-8C2F-43C742FDFC1C}.Debug|Any CPU.Build.0 = Debug|Any CPU
		{907146C0-9E57-4B53-8C2F-43C742FDFC1C}.Debug|ARM.ActiveCfg = Debug|Any CPU
		{907146C0-9E57-4B53-8C2F-43C742FDFC1C}.Debug|ARM.Build.0 = Debug|Any CPU
		{907146C0-9E57-4B53-8C2F-43C742FDFC1C}.Debug|iPhone.ActiveCfg = Debug|Any CPU
		{907146C0-9E57-4B53-8C2F-43C742FDFC1C}.Debug|iPhone.Build.0 = Debug|Any CPU
		{907146C0-9E57-4B53-8C2F-43C742FDFC1C}.Debug|iPhoneSimulator.ActiveCfg = Debug|Any CPU
		{907146C0-9E57-4B53-8C2F-43C742FDFC1C}.Debug|iPhoneSimulator.Build.0 = Debug|Any CPU
		{907146C0-9E57-4B53-8C2F-43C742FDFC1C}.Debug|x64.ActiveCfg = Debug|Any CPU
		{907146C0-9E57-4B53-8C2F-43C742FDFC1C}.Debug|x64.Build.0 = Debug|Any CPU
		{907146C0-9E57-4B53-8C2F-43C742FDFC1C}.Debug|x86.ActiveCfg = Debug|Any CPU
		{907146C0-9E57-4B53-8C2F-43C742FDFC1C}.Debug|x86.Build.0 = Debug|Any CPU
		{907146C0-9E57-4B53-8C2F-43C742FDFC1C}.Release|Any CPU.ActiveCfg = Release|Any CPU
		{907146C0-9E57-4B53-8C2F-43C742FDFC1C}.Release|Any CPU.Build.0 = Release|Any CPU
		{907146C0-9E57-4B53-8C2F-43C742FDFC1C}.Release|ARM.ActiveCfg = Release|Any CPU
		{907146C0-9E57-4B53-8C2F-43C742FDFC1C}.Release|ARM.Build.0 = Release|Any CPU
		{907146C0-9E57-4B53-8C2F-43C742FDFC1C}.Release|iPhone.ActiveCfg = Release|Any CPU
		{907146C0-9E57-4B53-8C2F-43C742FDFC1C}.Release|iPhone.Build.0 = Release|Any CPU
		{907146C0-9E57-4B53-8C2F-43C742FDFC1C}.Release|iPhoneSimulator.ActiveCfg = Release|Any CPU
		{907146C0-9E57-4B53-8C2F-43C742FDFC1C}.Release|iPhoneSimulator.Build.0 = Release|Any CPU
		{907146C0-9E57-4B53-8C2F-43C742FDFC1C}.Release|x64.ActiveCfg = Release|Any CPU
		{907146C0-9E57-4B53-8C2F-43C742FDFC1C}.Release|x64.Build.0 = Release|Any CPU
		{907146C0-9E57-4B53-8C2F-43C742FDFC1C}.Release|x86.ActiveCfg = Release|Any CPU
		{907146C0-9E57-4B53-8C2F-43C742FDFC1C}.Release|x86.Build.0 = Release|Any CPU
		{9204024D-78CF-485E-A2FA-DE08589EF677}.Ad-Hoc|Any CPU.ActiveCfg = Debug|Any CPU
		{9204024D-78CF-485E-A2FA-DE08589EF677}.Ad-Hoc|Any CPU.Build.0 = Debug|Any CPU
		{9204024D-78CF-485E-A2FA-DE08589EF677}.Ad-Hoc|ARM.ActiveCfg = Debug|Any CPU
		{9204024D-78CF-485E-A2FA-DE08589EF677}.Ad-Hoc|ARM.Build.0 = Debug|Any CPU
		{9204024D-78CF-485E-A2FA-DE08589EF677}.Ad-Hoc|iPhone.ActiveCfg = Debug|Any CPU
		{9204024D-78CF-485E-A2FA-DE08589EF677}.Ad-Hoc|iPhone.Build.0 = Debug|Any CPU
		{9204024D-78CF-485E-A2FA-DE08589EF677}.Ad-Hoc|iPhoneSimulator.ActiveCfg = Debug|Any CPU
		{9204024D-78CF-485E-A2FA-DE08589EF677}.Ad-Hoc|iPhoneSimulator.Build.0 = Debug|Any CPU
		{9204024D-78CF-485E-A2FA-DE08589EF677}.Ad-Hoc|x64.ActiveCfg = Debug|Any CPU
		{9204024D-78CF-485E-A2FA-DE08589EF677}.Ad-Hoc|x64.Build.0 = Debug|Any CPU
		{9204024D-78CF-485E-A2FA-DE08589EF677}.Ad-Hoc|x86.ActiveCfg = Debug|Any CPU
		{9204024D-78CF-485E-A2FA-DE08589EF677}.Ad-Hoc|x86.Build.0 = Debug|Any CPU
		{9204024D-78CF-485E-A2FA-DE08589EF677}.AppStore|Any CPU.ActiveCfg = Debug|Any CPU
		{9204024D-78CF-485E-A2FA-DE08589EF677}.AppStore|Any CPU.Build.0 = Debug|Any CPU
		{9204024D-78CF-485E-A2FA-DE08589EF677}.AppStore|ARM.ActiveCfg = Debug|Any CPU
		{9204024D-78CF-485E-A2FA-DE08589EF677}.AppStore|ARM.Build.0 = Debug|Any CPU
		{9204024D-78CF-485E-A2FA-DE08589EF677}.AppStore|iPhone.ActiveCfg = Debug|Any CPU
		{9204024D-78CF-485E-A2FA-DE08589EF677}.AppStore|iPhone.Build.0 = Debug|Any CPU
		{9204024D-78CF-485E-A2FA-DE08589EF677}.AppStore|iPhoneSimulator.ActiveCfg = Debug|Any CPU
		{9204024D-78CF-485E-A2FA-DE08589EF677}.AppStore|iPhoneSimulator.Build.0 = Debug|Any CPU
		{9204024D-78CF-485E-A2FA-DE08589EF677}.AppStore|x64.ActiveCfg = Debug|Any CPU
		{9204024D-78CF-485E-A2FA-DE08589EF677}.AppStore|x64.Build.0 = Debug|Any CPU
		{9204024D-78CF-485E-A2FA-DE08589EF677}.AppStore|x86.ActiveCfg = Debug|Any CPU
		{9204024D-78CF-485E-A2FA-DE08589EF677}.AppStore|x86.Build.0 = Debug|Any CPU
		{9204024D-78CF-485E-A2FA-DE08589EF677}.Debug|Any CPU.ActiveCfg = Debug|Any CPU
		{9204024D-78CF-485E-A2FA-DE08589EF677}.Debug|Any CPU.Build.0 = Debug|Any CPU
		{9204024D-78CF-485E-A2FA-DE08589EF677}.Debug|ARM.ActiveCfg = Debug|Any CPU
		{9204024D-78CF-485E-A2FA-DE08589EF677}.Debug|ARM.Build.0 = Debug|Any CPU
		{9204024D-78CF-485E-A2FA-DE08589EF677}.Debug|iPhone.ActiveCfg = Debug|Any CPU
		{9204024D-78CF-485E-A2FA-DE08589EF677}.Debug|iPhone.Build.0 = Debug|Any CPU
		{9204024D-78CF-485E-A2FA-DE08589EF677}.Debug|iPhoneSimulator.ActiveCfg = Debug|Any CPU
		{9204024D-78CF-485E-A2FA-DE08589EF677}.Debug|iPhoneSimulator.Build.0 = Debug|Any CPU
		{9204024D-78CF-485E-A2FA-DE08589EF677}.Debug|x64.ActiveCfg = Debug|Any CPU
		{9204024D-78CF-485E-A2FA-DE08589EF677}.Debug|x64.Build.0 = Debug|Any CPU
		{9204024D-78CF-485E-A2FA-DE08589EF677}.Debug|x86.ActiveCfg = Debug|Any CPU
		{9204024D-78CF-485E-A2FA-DE08589EF677}.Debug|x86.Build.0 = Debug|Any CPU
		{9204024D-78CF-485E-A2FA-DE08589EF677}.Release|Any CPU.ActiveCfg = Release|Any CPU
		{9204024D-78CF-485E-A2FA-DE08589EF677}.Release|Any CPU.Build.0 = Release|Any CPU
		{9204024D-78CF-485E-A2FA-DE08589EF677}.Release|ARM.ActiveCfg = Release|Any CPU
		{9204024D-78CF-485E-A2FA-DE08589EF677}.Release|ARM.Build.0 = Release|Any CPU
		{9204024D-78CF-485E-A2FA-DE08589EF677}.Release|iPhone.ActiveCfg = Release|Any CPU
		{9204024D-78CF-485E-A2FA-DE08589EF677}.Release|iPhone.Build.0 = Release|Any CPU
		{9204024D-78CF-485E-A2FA-DE08589EF677}.Release|iPhoneSimulator.ActiveCfg = Release|Any CPU
		{9204024D-78CF-485E-A2FA-DE08589EF677}.Release|iPhoneSimulator.Build.0 = Release|Any CPU
		{9204024D-78CF-485E-A2FA-DE08589EF677}.Release|x64.ActiveCfg = Release|Any CPU
		{9204024D-78CF-485E-A2FA-DE08589EF677}.Release|x64.Build.0 = Release|Any CPU
		{9204024D-78CF-485E-A2FA-DE08589EF677}.Release|x86.ActiveCfg = Release|Any CPU
		{9204024D-78CF-485E-A2FA-DE08589EF677}.Release|x86.Build.0 = Release|Any CPU
		{E85930B5-3E31-44FE-8197-8B342D99B1D2}.Ad-Hoc|Any CPU.ActiveCfg = Debug|Any CPU
		{E85930B5-3E31-44FE-8197-8B342D99B1D2}.Ad-Hoc|Any CPU.Build.0 = Debug|Any CPU
		{E85930B5-3E31-44FE-8197-8B342D99B1D2}.Ad-Hoc|ARM.ActiveCfg = Debug|Any CPU
		{E85930B5-3E31-44FE-8197-8B342D99B1D2}.Ad-Hoc|ARM.Build.0 = Debug|Any CPU
		{E85930B5-3E31-44FE-8197-8B342D99B1D2}.Ad-Hoc|iPhone.ActiveCfg = Debug|Any CPU
		{E85930B5-3E31-44FE-8197-8B342D99B1D2}.Ad-Hoc|iPhone.Build.0 = Debug|Any CPU
		{E85930B5-3E31-44FE-8197-8B342D99B1D2}.Ad-Hoc|iPhoneSimulator.ActiveCfg = Debug|Any CPU
		{E85930B5-3E31-44FE-8197-8B342D99B1D2}.Ad-Hoc|iPhoneSimulator.Build.0 = Debug|Any CPU
		{E85930B5-3E31-44FE-8197-8B342D99B1D2}.Ad-Hoc|x64.ActiveCfg = Debug|Any CPU
		{E85930B5-3E31-44FE-8197-8B342D99B1D2}.Ad-Hoc|x64.Build.0 = Debug|Any CPU
		{E85930B5-3E31-44FE-8197-8B342D99B1D2}.Ad-Hoc|x86.ActiveCfg = Debug|Any CPU
		{E85930B5-3E31-44FE-8197-8B342D99B1D2}.Ad-Hoc|x86.Build.0 = Debug|Any CPU
		{E85930B5-3E31-44FE-8197-8B342D99B1D2}.AppStore|Any CPU.ActiveCfg = Debug|Any CPU
		{E85930B5-3E31-44FE-8197-8B342D99B1D2}.AppStore|Any CPU.Build.0 = Debug|Any CPU
		{E85930B5-3E31-44FE-8197-8B342D99B1D2}.AppStore|ARM.ActiveCfg = Debug|Any CPU
		{E85930B5-3E31-44FE-8197-8B342D99B1D2}.AppStore|ARM.Build.0 = Debug|Any CPU
		{E85930B5-3E31-44FE-8197-8B342D99B1D2}.AppStore|iPhone.ActiveCfg = Debug|Any CPU
		{E85930B5-3E31-44FE-8197-8B342D99B1D2}.AppStore|iPhone.Build.0 = Debug|Any CPU
		{E85930B5-3E31-44FE-8197-8B342D99B1D2}.AppStore|iPhoneSimulator.ActiveCfg = Debug|Any CPU
		{E85930B5-3E31-44FE-8197-8B342D99B1D2}.AppStore|iPhoneSimulator.Build.0 = Debug|Any CPU
		{E85930B5-3E31-44FE-8197-8B342D99B1D2}.AppStore|x64.ActiveCfg = Debug|Any CPU
		{E85930B5-3E31-44FE-8197-8B342D99B1D2}.AppStore|x64.Build.0 = Debug|Any CPU
		{E85930B5-3E31-44FE-8197-8B342D99B1D2}.AppStore|x86.ActiveCfg = Debug|Any CPU
		{E85930B5-3E31-44FE-8197-8B342D99B1D2}.AppStore|x86.Build.0 = Debug|Any CPU
		{E85930B5-3E31-44FE-8197-8B342D99B1D2}.Debug|Any CPU.ActiveCfg = Debug|Any CPU
		{E85930B5-3E31-44FE-8197-8B342D99B1D2}.Debug|Any CPU.Build.0 = Debug|Any CPU
		{E85930B5-3E31-44FE-8197-8B342D99B1D2}.Debug|ARM.ActiveCfg = Debug|Any CPU
		{E85930B5-3E31-44FE-8197-8B342D99B1D2}.Debug|ARM.Build.0 = Debug|Any CPU
		{E85930B5-3E31-44FE-8197-8B342D99B1D2}.Debug|iPhone.ActiveCfg = Debug|Any CPU
		{E85930B5-3E31-44FE-8197-8B342D99B1D2}.Debug|iPhone.Build.0 = Debug|Any CPU
		{E85930B5-3E31-44FE-8197-8B342D99B1D2}.Debug|iPhoneSimulator.ActiveCfg = Debug|Any CPU
		{E85930B5-3E31-44FE-8197-8B342D99B1D2}.Debug|iPhoneSimulator.Build.0 = Debug|Any CPU
		{E85930B5-3E31-44FE-8197-8B342D99B1D2}.Debug|x64.ActiveCfg = Debug|Any CPU
		{E85930B5-3E31-44FE-8197-8B342D99B1D2}.Debug|x64.Build.0 = Debug|Any CPU
		{E85930B5-3E31-44FE-8197-8B342D99B1D2}.Debug|x86.ActiveCfg = Debug|Any CPU
		{E85930B5-3E31-44FE-8197-8B342D99B1D2}.Debug|x86.Build.0 = Debug|Any CPU
		{E85930B5-3E31-44FE-8197-8B342D99B1D2}.Release|Any CPU.ActiveCfg = Release|Any CPU
		{E85930B5-3E31-44FE-8197-8B342D99B1D2}.Release|Any CPU.Build.0 = Release|Any CPU
		{E85930B5-3E31-44FE-8197-8B342D99B1D2}.Release|ARM.ActiveCfg = Release|Any CPU
		{E85930B5-3E31-44FE-8197-8B342D99B1D2}.Release|ARM.Build.0 = Release|Any CPU
		{E85930B5-3E31-44FE-8197-8B342D99B1D2}.Release|iPhone.ActiveCfg = Release|Any CPU
		{E85930B5-3E31-44FE-8197-8B342D99B1D2}.Release|iPhone.Build.0 = Release|Any CPU
		{E85930B5-3E31-44FE-8197-8B342D99B1D2}.Release|iPhoneSimulator.ActiveCfg = Release|Any CPU
		{E85930B5-3E31-44FE-8197-8B342D99B1D2}.Release|iPhoneSimulator.Build.0 = Release|Any CPU
		{E85930B5-3E31-44FE-8197-8B342D99B1D2}.Release|x64.ActiveCfg = Release|Any CPU
		{E85930B5-3E31-44FE-8197-8B342D99B1D2}.Release|x64.Build.0 = Release|Any CPU
		{E85930B5-3E31-44FE-8197-8B342D99B1D2}.Release|x86.ActiveCfg = Release|Any CPU
		{E85930B5-3E31-44FE-8197-8B342D99B1D2}.Release|x86.Build.0 = Release|Any CPU
		{6E8E1FD9-EA69-470E-927D-66CB69514909}.Ad-Hoc|Any CPU.ActiveCfg = Debug|Any CPU
		{6E8E1FD9-EA69-470E-927D-66CB69514909}.Ad-Hoc|Any CPU.Build.0 = Debug|Any CPU
		{6E8E1FD9-EA69-470E-927D-66CB69514909}.Ad-Hoc|ARM.ActiveCfg = Debug|Any CPU
		{6E8E1FD9-EA69-470E-927D-66CB69514909}.Ad-Hoc|ARM.Build.0 = Debug|Any CPU
		{6E8E1FD9-EA69-470E-927D-66CB69514909}.Ad-Hoc|iPhone.ActiveCfg = Debug|Any CPU
		{6E8E1FD9-EA69-470E-927D-66CB69514909}.Ad-Hoc|iPhone.Build.0 = Debug|Any CPU
		{6E8E1FD9-EA69-470E-927D-66CB69514909}.Ad-Hoc|iPhoneSimulator.ActiveCfg = Debug|Any CPU
		{6E8E1FD9-EA69-470E-927D-66CB69514909}.Ad-Hoc|iPhoneSimulator.Build.0 = Debug|Any CPU
		{6E8E1FD9-EA69-470E-927D-66CB69514909}.Ad-Hoc|x64.ActiveCfg = Debug|Any CPU
		{6E8E1FD9-EA69-470E-927D-66CB69514909}.Ad-Hoc|x64.Build.0 = Debug|Any CPU
		{6E8E1FD9-EA69-470E-927D-66CB69514909}.Ad-Hoc|x86.ActiveCfg = Debug|Any CPU
		{6E8E1FD9-EA69-470E-927D-66CB69514909}.Ad-Hoc|x86.Build.0 = Debug|Any CPU
		{6E8E1FD9-EA69-470E-927D-66CB69514909}.AppStore|Any CPU.ActiveCfg = Debug|Any CPU
		{6E8E1FD9-EA69-470E-927D-66CB69514909}.AppStore|Any CPU.Build.0 = Debug|Any CPU
		{6E8E1FD9-EA69-470E-927D-66CB69514909}.AppStore|ARM.ActiveCfg = Debug|Any CPU
		{6E8E1FD9-EA69-470E-927D-66CB69514909}.AppStore|ARM.Build.0 = Debug|Any CPU
		{6E8E1FD9-EA69-470E-927D-66CB69514909}.AppStore|iPhone.ActiveCfg = Debug|Any CPU
		{6E8E1FD9-EA69-470E-927D-66CB69514909}.AppStore|iPhone.Build.0 = Debug|Any CPU
		{6E8E1FD9-EA69-470E-927D-66CB69514909}.AppStore|iPhoneSimulator.ActiveCfg = Debug|Any CPU
		{6E8E1FD9-EA69-470E-927D-66CB69514909}.AppStore|iPhoneSimulator.Build.0 = Debug|Any CPU
		{6E8E1FD9-EA69-470E-927D-66CB69514909}.AppStore|x64.ActiveCfg = Debug|Any CPU
		{6E8E1FD9-EA69-470E-927D-66CB69514909}.AppStore|x64.Build.0 = Debug|Any CPU
		{6E8E1FD9-EA69-470E-927D-66CB69514909}.AppStore|x86.ActiveCfg = Debug|Any CPU
		{6E8E1FD9-EA69-470E-927D-66CB69514909}.AppStore|x86.Build.0 = Debug|Any CPU
		{6E8E1FD9-EA69-470E-927D-66CB69514909}.Debug|Any CPU.ActiveCfg = Debug|Any CPU
		{6E8E1FD9-EA69-470E-927D-66CB69514909}.Debug|Any CPU.Build.0 = Debug|Any CPU
		{6E8E1FD9-EA69-470E-927D-66CB69514909}.Debug|ARM.ActiveCfg = Debug|Any CPU
		{6E8E1FD9-EA69-470E-927D-66CB69514909}.Debug|ARM.Build.0 = Debug|Any CPU
		{6E8E1FD9-EA69-470E-927D-66CB69514909}.Debug|iPhone.ActiveCfg = Debug|Any CPU
		{6E8E1FD9-EA69-470E-927D-66CB69514909}.Debug|iPhone.Build.0 = Debug|Any CPU
		{6E8E1FD9-EA69-470E-927D-66CB69514909}.Debug|iPhoneSimulator.ActiveCfg = Debug|Any CPU
		{6E8E1FD9-EA69-470E-927D-66CB69514909}.Debug|iPhoneSimulator.Build.0 = Debug|Any CPU
		{6E8E1FD9-EA69-470E-927D-66CB69514909}.Debug|x64.ActiveCfg = Debug|Any CPU
		{6E8E1FD9-EA69-470E-927D-66CB69514909}.Debug|x64.Build.0 = Debug|Any CPU
		{6E8E1FD9-EA69-470E-927D-66CB69514909}.Debug|x86.ActiveCfg = Debug|Any CPU
		{6E8E1FD9-EA69-470E-927D-66CB69514909}.Debug|x86.Build.0 = Debug|Any CPU
		{6E8E1FD9-EA69-470E-927D-66CB69514909}.Release|Any CPU.ActiveCfg = Release|Any CPU
		{6E8E1FD9-EA69-470E-927D-66CB69514909}.Release|Any CPU.Build.0 = Release|Any CPU
		{6E8E1FD9-EA69-470E-927D-66CB69514909}.Release|ARM.ActiveCfg = Release|Any CPU
		{6E8E1FD9-EA69-470E-927D-66CB69514909}.Release|ARM.Build.0 = Release|Any CPU
		{6E8E1FD9-EA69-470E-927D-66CB69514909}.Release|iPhone.ActiveCfg = Release|Any CPU
		{6E8E1FD9-EA69-470E-927D-66CB69514909}.Release|iPhone.Build.0 = Release|Any CPU
		{6E8E1FD9-EA69-470E-927D-66CB69514909}.Release|iPhoneSimulator.ActiveCfg = Release|Any CPU
		{6E8E1FD9-EA69-470E-927D-66CB69514909}.Release|iPhoneSimulator.Build.0 = Release|Any CPU
		{6E8E1FD9-EA69-470E-927D-66CB69514909}.Release|x64.ActiveCfg = Release|Any CPU
		{6E8E1FD9-EA69-470E-927D-66CB69514909}.Release|x64.Build.0 = Release|Any CPU
		{6E8E1FD9-EA69-470E-927D-66CB69514909}.Release|x86.ActiveCfg = Release|Any CPU
		{6E8E1FD9-EA69-470E-927D-66CB69514909}.Release|x86.Build.0 = Release|Any CPU
		{85F50816-9C6F-4C31-BEBD-57DDD1DE5975}.Ad-Hoc|Any CPU.ActiveCfg = Debug|Any CPU
		{85F50816-9C6F-4C31-BEBD-57DDD1DE5975}.Ad-Hoc|Any CPU.Build.0 = Debug|Any CPU
		{85F50816-9C6F-4C31-BEBD-57DDD1DE5975}.Ad-Hoc|ARM.ActiveCfg = Debug|Any CPU
		{85F50816-9C6F-4C31-BEBD-57DDD1DE5975}.Ad-Hoc|ARM.Build.0 = Debug|Any CPU
		{85F50816-9C6F-4C31-BEBD-57DDD1DE5975}.Ad-Hoc|iPhone.ActiveCfg = Debug|Any CPU
		{85F50816-9C6F-4C31-BEBD-57DDD1DE5975}.Ad-Hoc|iPhone.Build.0 = Debug|Any CPU
		{85F50816-9C6F-4C31-BEBD-57DDD1DE5975}.Ad-Hoc|iPhoneSimulator.ActiveCfg = Debug|Any CPU
		{85F50816-9C6F-4C31-BEBD-57DDD1DE5975}.Ad-Hoc|iPhoneSimulator.Build.0 = Debug|Any CPU
		{85F50816-9C6F-4C31-BEBD-57DDD1DE5975}.Ad-Hoc|x64.ActiveCfg = Debug|Any CPU
		{85F50816-9C6F-4C31-BEBD-57DDD1DE5975}.Ad-Hoc|x64.Build.0 = Debug|Any CPU
		{85F50816-9C6F-4C31-BEBD-57DDD1DE5975}.Ad-Hoc|x86.ActiveCfg = Debug|Any CPU
		{85F50816-9C6F-4C31-BEBD-57DDD1DE5975}.Ad-Hoc|x86.Build.0 = Debug|Any CPU
		{85F50816-9C6F-4C31-BEBD-57DDD1DE5975}.AppStore|Any CPU.ActiveCfg = Debug|Any CPU
		{85F50816-9C6F-4C31-BEBD-57DDD1DE5975}.AppStore|Any CPU.Build.0 = Debug|Any CPU
		{85F50816-9C6F-4C31-BEBD-57DDD1DE5975}.AppStore|ARM.ActiveCfg = Debug|Any CPU
		{85F50816-9C6F-4C31-BEBD-57DDD1DE5975}.AppStore|ARM.Build.0 = Debug|Any CPU
		{85F50816-9C6F-4C31-BEBD-57DDD1DE5975}.AppStore|iPhone.ActiveCfg = Debug|Any CPU
		{85F50816-9C6F-4C31-BEBD-57DDD1DE5975}.AppStore|iPhone.Build.0 = Debug|Any CPU
		{85F50816-9C6F-4C31-BEBD-57DDD1DE5975}.AppStore|iPhoneSimulator.ActiveCfg = Debug|Any CPU
		{85F50816-9C6F-4C31-BEBD-57DDD1DE5975}.AppStore|iPhoneSimulator.Build.0 = Debug|Any CPU
		{85F50816-9C6F-4C31-BEBD-57DDD1DE5975}.AppStore|x64.ActiveCfg = Debug|Any CPU
		{85F50816-9C6F-4C31-BEBD-57DDD1DE5975}.AppStore|x64.Build.0 = Debug|Any CPU
		{85F50816-9C6F-4C31-BEBD-57DDD1DE5975}.AppStore|x86.ActiveCfg = Debug|Any CPU
		{85F50816-9C6F-4C31-BEBD-57DDD1DE5975}.AppStore|x86.Build.0 = Debug|Any CPU
		{85F50816-9C6F-4C31-BEBD-57DDD1DE5975}.Debug|Any CPU.ActiveCfg = Debug|Any CPU
		{85F50816-9C6F-4C31-BEBD-57DDD1DE5975}.Debug|Any CPU.Build.0 = Debug|Any CPU
		{85F50816-9C6F-4C31-BEBD-57DDD1DE5975}.Debug|ARM.ActiveCfg = Debug|Any CPU
		{85F50816-9C6F-4C31-BEBD-57DDD1DE5975}.Debug|ARM.Build.0 = Debug|Any CPU
		{85F50816-9C6F-4C31-BEBD-57DDD1DE5975}.Debug|iPhone.ActiveCfg = Debug|Any CPU
		{85F50816-9C6F-4C31-BEBD-57DDD1DE5975}.Debug|iPhone.Build.0 = Debug|Any CPU
		{85F50816-9C6F-4C31-BEBD-57DDD1DE5975}.Debug|iPhoneSimulator.ActiveCfg = Debug|Any CPU
		{85F50816-9C6F-4C31-BEBD-57DDD1DE5975}.Debug|iPhoneSimulator.Build.0 = Debug|Any CPU
		{85F50816-9C6F-4C31-BEBD-57DDD1DE5975}.Debug|x64.ActiveCfg = Debug|Any CPU
		{85F50816-9C6F-4C31-BEBD-57DDD1DE5975}.Debug|x64.Build.0 = Debug|Any CPU
		{85F50816-9C6F-4C31-BEBD-57DDD1DE5975}.Debug|x86.ActiveCfg = Debug|Any CPU
		{85F50816-9C6F-4C31-BEBD-57DDD1DE5975}.Debug|x86.Build.0 = Debug|Any CPU
		{85F50816-9C6F-4C31-BEBD-57DDD1DE5975}.Release|Any CPU.ActiveCfg = Release|Any CPU
		{85F50816-9C6F-4C31-BEBD-57DDD1DE5975}.Release|Any CPU.Build.0 = Release|Any CPU
		{85F50816-9C6F-4C31-BEBD-57DDD1DE5975}.Release|ARM.ActiveCfg = Release|Any CPU
		{85F50816-9C6F-4C31-BEBD-57DDD1DE5975}.Release|ARM.Build.0 = Release|Any CPU
		{85F50816-9C6F-4C31-BEBD-57DDD1DE5975}.Release|iPhone.ActiveCfg = Release|Any CPU
		{85F50816-9C6F-4C31-BEBD-57DDD1DE5975}.Release|iPhone.Build.0 = Release|Any CPU
		{85F50816-9C6F-4C31-BEBD-57DDD1DE5975}.Release|iPhoneSimulator.ActiveCfg = Release|Any CPU
		{85F50816-9C6F-4C31-BEBD-57DDD1DE5975}.Release|iPhoneSimulator.Build.0 = Release|Any CPU
		{85F50816-9C6F-4C31-BEBD-57DDD1DE5975}.Release|x64.ActiveCfg = Release|Any CPU
		{85F50816-9C6F-4C31-BEBD-57DDD1DE5975}.Release|x64.Build.0 = Release|Any CPU
		{85F50816-9C6F-4C31-BEBD-57DDD1DE5975}.Release|x86.ActiveCfg = Release|Any CPU
		{85F50816-9C6F-4C31-BEBD-57DDD1DE5975}.Release|x86.Build.0 = Release|Any CPU
		{C73D1486-C5C4-4BF0-AE0B-D0A214E2CCB9}.Ad-Hoc|Any CPU.ActiveCfg = Debug|Any CPU
		{C73D1486-C5C4-4BF0-AE0B-D0A214E2CCB9}.Ad-Hoc|Any CPU.Build.0 = Debug|Any CPU
		{C73D1486-C5C4-4BF0-AE0B-D0A214E2CCB9}.Ad-Hoc|ARM.ActiveCfg = Debug|Any CPU
		{C73D1486-C5C4-4BF0-AE0B-D0A214E2CCB9}.Ad-Hoc|ARM.Build.0 = Debug|Any CPU
		{C73D1486-C5C4-4BF0-AE0B-D0A214E2CCB9}.Ad-Hoc|iPhone.ActiveCfg = Debug|Any CPU
		{C73D1486-C5C4-4BF0-AE0B-D0A214E2CCB9}.Ad-Hoc|iPhone.Build.0 = Debug|Any CPU
		{C73D1486-C5C4-4BF0-AE0B-D0A214E2CCB9}.Ad-Hoc|iPhoneSimulator.ActiveCfg = Debug|Any CPU
		{C73D1486-C5C4-4BF0-AE0B-D0A214E2CCB9}.Ad-Hoc|iPhoneSimulator.Build.0 = Debug|Any CPU
		{C73D1486-C5C4-4BF0-AE0B-D0A214E2CCB9}.Ad-Hoc|x64.ActiveCfg = Debug|Any CPU
		{C73D1486-C5C4-4BF0-AE0B-D0A214E2CCB9}.Ad-Hoc|x64.Build.0 = Debug|Any CPU
		{C73D1486-C5C4-4BF0-AE0B-D0A214E2CCB9}.Ad-Hoc|x86.ActiveCfg = Debug|Any CPU
		{C73D1486-C5C4-4BF0-AE0B-D0A214E2CCB9}.Ad-Hoc|x86.Build.0 = Debug|Any CPU
		{C73D1486-C5C4-4BF0-AE0B-D0A214E2CCB9}.AppStore|Any CPU.ActiveCfg = Debug|Any CPU
		{C73D1486-C5C4-4BF0-AE0B-D0A214E2CCB9}.AppStore|Any CPU.Build.0 = Debug|Any CPU
		{C73D1486-C5C4-4BF0-AE0B-D0A214E2CCB9}.AppStore|ARM.ActiveCfg = Debug|Any CPU
		{C73D1486-C5C4-4BF0-AE0B-D0A214E2CCB9}.AppStore|ARM.Build.0 = Debug|Any CPU
		{C73D1486-C5C4-4BF0-AE0B-D0A214E2CCB9}.AppStore|iPhone.ActiveCfg = Debug|Any CPU
		{C73D1486-C5C4-4BF0-AE0B-D0A214E2CCB9}.AppStore|iPhone.Build.0 = Debug|Any CPU
		{C73D1486-C5C4-4BF0-AE0B-D0A214E2CCB9}.AppStore|iPhoneSimulator.ActiveCfg = Debug|Any CPU
		{C73D1486-C5C4-4BF0-AE0B-D0A214E2CCB9}.AppStore|iPhoneSimulator.Build.0 = Debug|Any CPU
		{C73D1486-C5C4-4BF0-AE0B-D0A214E2CCB9}.AppStore|x64.ActiveCfg = Debug|Any CPU
		{C73D1486-C5C4-4BF0-AE0B-D0A214E2CCB9}.AppStore|x64.Build.0 = Debug|Any CPU
		{C73D1486-C5C4-4BF0-AE0B-D0A214E2CCB9}.AppStore|x86.ActiveCfg = Debug|Any CPU
		{C73D1486-C5C4-4BF0-AE0B-D0A214E2CCB9}.AppStore|x86.Build.0 = Debug|Any CPU
		{C73D1486-C5C4-4BF0-AE0B-D0A214E2CCB9}.Debug|Any CPU.ActiveCfg = Debug|Any CPU
		{C73D1486-C5C4-4BF0-AE0B-D0A214E2CCB9}.Debug|Any CPU.Build.0 = Debug|Any CPU
		{C73D1486-C5C4-4BF0-AE0B-D0A214E2CCB9}.Debug|ARM.ActiveCfg = Debug|Any CPU
		{C73D1486-C5C4-4BF0-AE0B-D0A214E2CCB9}.Debug|ARM.Build.0 = Debug|Any CPU
		{C73D1486-C5C4-4BF0-AE0B-D0A214E2CCB9}.Debug|iPhone.ActiveCfg = Debug|Any CPU
		{C73D1486-C5C4-4BF0-AE0B-D0A214E2CCB9}.Debug|iPhone.Build.0 = Debug|Any CPU
		{C73D1486-C5C4-4BF0-AE0B-D0A214E2CCB9}.Debug|iPhoneSimulator.ActiveCfg = Debug|Any CPU
		{C73D1486-C5C4-4BF0-AE0B-D0A214E2CCB9}.Debug|iPhoneSimulator.Build.0 = Debug|Any CPU
		{C73D1486-C5C4-4BF0-AE0B-D0A214E2CCB9}.Debug|x64.ActiveCfg = Debug|Any CPU
		{C73D1486-C5C4-4BF0-AE0B-D0A214E2CCB9}.Debug|x64.Build.0 = Debug|Any CPU
		{C73D1486-C5C4-4BF0-AE0B-D0A214E2CCB9}.Debug|x86.ActiveCfg = Debug|Any CPU
		{C73D1486-C5C4-4BF0-AE0B-D0A214E2CCB9}.Debug|x86.Build.0 = Debug|Any CPU
		{C73D1486-C5C4-4BF0-AE0B-D0A214E2CCB9}.Release|Any CPU.ActiveCfg = Release|Any CPU
		{C73D1486-C5C4-4BF0-AE0B-D0A214E2CCB9}.Release|Any CPU.Build.0 = Release|Any CPU
		{C73D1486-C5C4-4BF0-AE0B-D0A214E2CCB9}.Release|ARM.ActiveCfg = Release|Any CPU
		{C73D1486-C5C4-4BF0-AE0B-D0A214E2CCB9}.Release|ARM.Build.0 = Release|Any CPU
		{C73D1486-C5C4-4BF0-AE0B-D0A214E2CCB9}.Release|iPhone.ActiveCfg = Release|Any CPU
		{C73D1486-C5C4-4BF0-AE0B-D0A214E2CCB9}.Release|iPhone.Build.0 = Release|Any CPU
		{C73D1486-C5C4-4BF0-AE0B-D0A214E2CCB9}.Release|iPhoneSimulator.ActiveCfg = Release|Any CPU
		{C73D1486-C5C4-4BF0-AE0B-D0A214E2CCB9}.Release|iPhoneSimulator.Build.0 = Release|Any CPU
		{C73D1486-C5C4-4BF0-AE0B-D0A214E2CCB9}.Release|x64.ActiveCfg = Release|Any CPU
		{C73D1486-C5C4-4BF0-AE0B-D0A214E2CCB9}.Release|x64.Build.0 = Release|Any CPU
		{C73D1486-C5C4-4BF0-AE0B-D0A214E2CCB9}.Release|x86.ActiveCfg = Release|Any CPU
		{C73D1486-C5C4-4BF0-AE0B-D0A214E2CCB9}.Release|x86.Build.0 = Release|Any CPU
	EndGlobalSection
	GlobalSection(SolutionProperties) = preSolution
		HideSolutionNode = FALSE
	EndGlobalSection
	GlobalSection(NestedProjects) = preSolution
		{061EEAB9-8EF3-4F41-B0B2-E20F660C74BA} = {CCEB9A41-C852-4870-B41C-422ADC670B56}
		{907146C0-9E57-4B53-8C2F-43C742FDFC1C} = {061EEAB9-8EF3-4F41-B0B2-E20F660C74BA}
		{9204024D-78CF-485E-A2FA-DE08589EF677} = {061EEAB9-8EF3-4F41-B0B2-E20F660C74BA}
		{B5865299-3825-4FAB-ABB6-D25D3C433F83} = {061EEAB9-8EF3-4F41-B0B2-E20F660C74BA}
		{E85930B5-3E31-44FE-8197-8B342D99B1D2} = {B5865299-3825-4FAB-ABB6-D25D3C433F83}
		{6E8E1FD9-EA69-470E-927D-66CB69514909} = {B5865299-3825-4FAB-ABB6-D25D3C433F83}
		{FE3219FD-D26A-469E-945F-5B7F9D92E32E} = {CCEB9A41-C852-4870-B41C-422ADC670B56}
		{C73D1486-C5C4-4BF0-AE0B-D0A214E2CCB9} = {FE3219FD-D26A-469E-945F-5B7F9D92E32E}
		{0C75A4A0-CDB9-4D6E-B4CC-BB75CFC57889} = {079CDD68-A1C0-44F9-9EF5-F24F3B180730}
	EndGlobalSection
	GlobalSection(ExtensibilityGlobals) = postSolution
		SolutionGuid = {883D8C64-B9AE-453C-9C80-FAD8537D12AE}
	EndGlobalSection
EndGlobal
