
Microsoft Visual Studio Solution File, Format Version 12.00
# Visual Studio Version 16
VisualStudioVersion = 16.0.29519.181
MinimumVisualStudioVersion = 10.0.40219.1
Project("{FAE04EC0-301F-11D3-BF4B-00C04F79EFBC}") = "EosWeb.Blazor", "src\EosWeb.Blazor\EosWeb.Blazor.csproj", "{69019037-0AAF-48CB-8C68-A6401E41C5A8}"
EndProject
Project("{FAE04EC0-301F-11D3-BF4B-00C04F79EFBC}") = "EosWebCore", "src\EosWebCore\EosWebCore.csproj", "{CFE4CAB5-9AC5-48BB-87C6-E407FED2773D}"
EndProject
Global
	GlobalSection(SolutionConfigurationPlatforms) = preSolution
		Ad-Hoc|Any CPU = Ad-Hoc|Any CPU
		Ad-Hoc|ARM = Ad-Hoc|ARM
		Ad-Hoc|iPhone = Ad-Hoc|iPhone
		Ad-Hoc|iPhoneSimulator = Ad-Hoc|iPhoneSimulator
		Ad-Hoc|x64 = Ad-Hoc|x64
		Ad-Hoc|x86 = Ad-Hoc|x86
		AppStore|Any CPU = AppStore|Any CPU
		AppStore|ARM = AppStore|ARM
		AppStore|iPhone = AppStore|iPhone
		AppStore|iPhoneSimulator = AppStore|iPhoneSimulator
		AppStore|x64 = AppStore|x64
		AppStore|x86 = AppStore|x86
		Debug|Any CPU = Debug|Any CPU
		Debug|ARM = Debug|ARM
		Debug|iPhone = Debug|iPhone
		Debug|iPhoneSimulator = Debug|iPhoneSimulator
		Debug|x64 = Debug|x64
		Debug|x86 = Debug|x86
		Release|Any CPU = Release|Any CPU
		Release|ARM = Release|ARM
		Release|iPhone = Release|iPhone
		Release|iPhoneSimulator = Release|iPhoneSimulator
		Release|x64 = Release|x64
		Release|x86 = Release|x86
	EndGlobalSection
	GlobalSection(ProjectConfigurationPlatforms) = postSolution
		{69019037-0AAF-48CB-8C68-A6401E41C5A8}.Ad-Hoc|Any CPU.ActiveCfg = Debug|Any CPU
		{69019037-0AAF-48CB-8C68-A6401E41C5A8}.Ad-Hoc|Any CPU.Build.0 = Debug|Any CPU
		{69019037-0AAF-48CB-8C68-A6401E41C5A8}.Ad-Hoc|ARM.ActiveCfg = Debug|Any CPU
		{69019037-0AAF-48CB-8C68-A6401E41C5A8}.Ad-Hoc|ARM.Build.0 = Debug|Any CPU
		{69019037-0AAF-48CB-8C68-A6401E41C5A8}.Ad-Hoc|iPhone.ActiveCfg = Debug|Any CPU
		{69019037-0AAF-48CB-8C68-A6401E41C5A8}.Ad-Hoc|iPhone.Build.0 = Debug|Any CPU
		{69019037-0AAF-48CB-8C68-A6401E41C5A8}.Ad-Hoc|iPhoneSimulator.ActiveCfg = Debug|Any CPU
		{69019037-0AAF-48CB-8C68-A6401E41C5A8}.Ad-Hoc|iPhoneSimulator.Build.0 = Debug|Any CPU
		{69019037-0AAF-48CB-8C68-A6401E41C5A8}.Ad-Hoc|x64.ActiveCfg = Debug|Any CPU
		{69019037-0AAF-48CB-8C68-A6401E41C5A8}.Ad-Hoc|x64.Build.0 = Debug|Any CPU
		{69019037-0AAF-48CB-8C68-A6401E41C5A8}.Ad-Hoc|x86.ActiveCfg = Debug|Any CPU
		{69019037-0AAF-48CB-8C68-A6401E41C5A8}.Ad-Hoc|x86.Build.0 = Debug|Any CPU
		{69019037-0AAF-48CB-8C68-A6401E41C5A8}.AppStore|Any CPU.ActiveCfg = Debug|Any CPU
		{69019037-0AAF-48CB-8C68-A6401E41C5A8}.AppStore|Any CPU.Build.0 = Debug|Any CPU
		{69019037-0AAF-48CB-8C68-A6401E41C5A8}.AppStore|ARM.ActiveCfg = Debug|Any CPU
		{69019037-0AAF-48CB-8C68-A6401E41C5A8}.AppStore|ARM.Build.0 = Debug|Any CPU
		{69019037-0AAF-48CB-8C68-A6401E41C5A8}.AppStore|iPhone.ActiveCfg = Debug|Any CPU
		{69019037-0AAF-48CB-8C68-A6401E41C5A8}.AppStore|iPhone.Build.0 = Debug|Any CPU
		{69019037-0AAF-48CB-8C68-A6401E41C5A8}.AppStore|iPhoneSimulator.ActiveCfg = Debug|Any CPU
		{69019037-0AAF-48CB-8C68-A6401E41C5A8}.AppStore|iPhoneSimulator.Build.0 = Debug|Any CPU
		{69019037-0AAF-48CB-8C68-A6401E41C5A8}.AppStore|x64.ActiveCfg = Debug|Any CPU
		{69019037-0AAF-48CB-8C68-A6401E41C5A8}.AppStore|x64.Build.0 = Debug|Any CPU
		{69019037-0AAF-48CB-8C68-A6401E41C5A8}.AppStore|x86.ActiveCfg = Debug|Any CPU
		{69019037-0AAF-48CB-8C68-A6401E41C5A8}.AppStore|x86.Build.0 = Debug|Any CPU
		{69019037-0AAF-48CB-8C68-A6401E41C5A8}.Debug|Any CPU.ActiveCfg = Debug|Any CPU
		{69019037-0AAF-48CB-8C68-A6401E41C5A8}.Debug|Any CPU.Build.0 = Debug|Any CPU
		{69019037-0AAF-48CB-8C68-A6401E41C5A8}.Debug|ARM.ActiveCfg = Debug|Any CPU
		{69019037-0AAF-48CB-8C68-A6401E41C5A8}.Debug|ARM.Build.0 = Debug|Any CPU
		{69019037-0AAF-48CB-8C68-A6401E41C5A8}.Debug|iPhone.ActiveCfg = Debug|Any CPU
		{69019037-0AAF-48CB-8C68-A6401E41C5A8}.Debug|iPhone.Build.0 = Debug|Any CPU
		{69019037-0AAF-48CB-8C68-A6401E41C5A8}.Debug|iPhoneSimulator.ActiveCfg = Debug|Any CPU
		{69019037-0AAF-48CB-8C68-A6401E41C5A8}.Debug|iPhoneSimulator.Build.0 = Debug|Any CPU
		{69019037-0AAF-48CB-8C68-A6401E41C5A8}.Debug|x64.ActiveCfg = Debug|Any CPU
		{69019037-0AAF-48CB-8C68-A6401E41C5A8}.Debug|x64.Build.0 = Debug|Any CPU
		{69019037-0AAF-48CB-8C68-A6401E41C5A8}.Debug|x86.ActiveCfg = Debug|Any CPU
		{69019037-0AAF-48CB-8C68-A6401E41C5A8}.Debug|x86.Build.0 = Debug|Any CPU
		{69019037-0AAF-48CB-8C68-A6401E41C5A8}.Release|Any CPU.ActiveCfg = Release|Any CPU
		{69019037-0AAF-48CB-8C68-A6401E41C5A8}.Release|Any CPU.Build.0 = Release|Any CPU
		{69019037-0AAF-48CB-8C68-A6401E41C5A8}.Release|ARM.ActiveCfg = Release|Any CPU
		{69019037-0AAF-48CB-8C68-A6401E41C5A8}.Release|ARM.Build.0 = Release|Any CPU
		{69019037-0AAF-48CB-8C68-A6401E41C5A8}.Release|iPhone.ActiveCfg = Release|Any CPU
		{69019037-0AAF-48CB-8C68-A6401E41C5A8}.Release|iPhone.Build.0 = Release|Any CPU
		{69019037-0AAF-48CB-8C68-A6401E41C5A8}.Release|iPhoneSimulator.ActiveCfg = Release|Any CPU
		{69019037-0AAF-48CB-8C68-A6401E41C5A8}.Release|iPhoneSimulator.Build.0 = Release|Any CPU
		{69019037-0AAF-48CB-8C68-A6401E41C5A8}.Release|x64.ActiveCfg = Release|Any CPU
		{69019037-0AAF-48CB-8C68-A6401E41C5A8}.Release|x64.Build.0 = Release|Any CPU
		{69019037-0AAF-48CB-8C68-A6401E41C5A8}.Release|x86.ActiveCfg = Release|Any CPU
		{69019037-0AAF-48CB-8C68-A6401E41C5A8}.Release|x86.Build.0 = Release|Any CPU
		{CFE4CAB5-9AC5-48BB-87C6-E407FED2773D}.Ad-Hoc|Any CPU.ActiveCfg = Debug|Any CPU
		{CFE4CAB5-9AC5-48BB-87C6-E407FED2773D}.Ad-Hoc|Any CPU.Build.0 = Debug|Any CPU
		{CFE4CAB5-9AC5-48BB-87C6-E407FED2773D}.Ad-Hoc|ARM.ActiveCfg = Debug|Any CPU
		{CFE4CAB5-9AC5-48BB-87C6-E407FED2773D}.Ad-Hoc|ARM.Build.0 = Debug|Any CPU
		{CFE4CAB5-9AC5-48BB-87C6-E407FED2773D}.Ad-Hoc|iPhone.ActiveCfg = Debug|Any CPU
		{CFE4CAB5-9AC5-48BB-87C6-E407FED2773D}.Ad-Hoc|iPhone.Build.0 = Debug|Any CPU
		{CFE4CAB5-9AC5-48BB-87C6-E407FED2773D}.Ad-Hoc|iPhoneSimulator.ActiveCfg = Debug|Any CPU
		{CFE4CAB5-9AC5-48BB-87C6-E407FED2773D}.Ad-Hoc|iPhoneSimulator.Build.0 = Debug|Any CPU
		{CFE4CAB5-9AC5-48BB-87C6-E407FED2773D}.Ad-Hoc|x64.ActiveCfg = Debug|Any CPU
		{CFE4CAB5-9AC5-48BB-87C6-E407FED2773D}.Ad-Hoc|x64.Build.0 = Debug|Any CPU
		{CFE4CAB5-9AC5-48BB-87C6-E407FED2773D}.Ad-Hoc|x86.ActiveCfg = Debug|Any CPU
		{CFE4CAB5-9AC5-48BB-87C6-E407FED2773D}.Ad-Hoc|x86.Build.0 = Debug|Any CPU
		{CFE4CAB5-9AC5-48BB-87C6-E407FED2773D}.AppStore|Any CPU.ActiveCfg = Debug|Any CPU
		{CFE4CAB5-9AC5-48BB-87C6-E407FED2773D}.AppStore|Any CPU.Build.0 = Debug|Any CPU
		{CFE4CAB5-9AC5-48BB-87C6-E407FED2773D}.AppStore|ARM.ActiveCfg = Debug|Any CPU
		{CFE4CAB5-9AC5-48BB-87C6-E407FED2773D}.AppStore|ARM.Build.0 = Debug|Any CPU
		{CFE4CAB5-9AC5-48BB-87C6-E407FED2773D}.AppStore|iPhone.ActiveCfg = Debug|Any CPU
		{CFE4CAB5-9AC5-48BB-87C6-E407FED2773D}.AppStore|iPhone.Build.0 = Debug|Any CPU
		{CFE4CAB5-9AC5-48BB-87C6-E407FED2773D}.AppStore|iPhoneSimulator.ActiveCfg = Debug|Any CPU
		{CFE4CAB5-9AC5-48BB-87C6-E407FED2773D}.AppStore|iPhoneSimulator.Build.0 = Debug|Any CPU
		{CFE4CAB5-9AC5-48BB-87C6-E407FED2773D}.AppStore|x64.ActiveCfg = Debug|Any CPU
		{CFE4CAB5-9AC5-48BB-87C6-E407FED2773D}.AppStore|x64.Build.0 = Debug|Any CPU
		{CFE4CAB5-9AC5-48BB-87C6-E407FED2773D}.AppStore|x86.ActiveCfg = Debug|Any CPU
		{CFE4CAB5-9AC5-48BB-87C6-E407FED2773D}.AppStore|x86.Build.0 = Debug|Any CPU
		{CFE4CAB5-9AC5-48BB-87C6-E407FED2773D}.Debug|Any CPU.ActiveCfg = Debug|Any CPU
		{CFE4CAB5-9AC5-48BB-87C6-E407FED2773D}.Debug|Any CPU.Build.0 = Debug|Any CPU
		{CFE4CAB5-9AC5-48BB-87C6-E407FED2773D}.Debug|ARM.ActiveCfg = Debug|Any CPU
		{CFE4CAB5-9AC5-48BB-87C6-E407FED2773D}.Debug|ARM.Build.0 = Debug|Any CPU
		{CFE4CAB5-9AC5-48BB-87C6-E407FED2773D}.Debug|iPhone.ActiveCfg = Debug|Any CPU
		{CFE4CAB5-9AC5-48BB-87C6-E407FED2773D}.Debug|iPhone.Build.0 = Debug|Any CPU
		{CFE4CAB5-9AC5-48BB-87C6-E407FED2773D}.Debug|iPhoneSimulator.ActiveCfg = Debug|Any CPU
		{CFE4CAB5-9AC5-48BB-87C6-E407FED2773D}.Debug|iPhoneSimulator.Build.0 = Debug|Any CPU
		{CFE4CAB5-9AC5-48BB-87C6-E407FED2773D}.Debug|x64.ActiveCfg = Debug|Any CPU
		{CFE4CAB5-9AC5-48BB-87C6-E407FED2773D}.Debug|x64.Build.0 = Debug|Any CPU
		{CFE4CAB5-9AC5-48BB-87C6-E407FED2773D}.Debug|x86.ActiveCfg = Debug|Any CPU
		{CFE4CAB5-9AC5-48BB-87C6-E407FED2773D}.Debug|x86.Build.0 = Debug|Any CPU
		{CFE4CAB5-9AC5-48BB-87C6-E407FED2773D}.Release|Any CPU.ActiveCfg = Release|Any CPU
		{CFE4CAB5-9AC5-48BB-87C6-E407FED2773D}.Release|Any CPU.Build.0 = Release|Any CPU
		{CFE4CAB5-9AC5-48BB-87C6-E407FED2773D}.Release|ARM.ActiveCfg = Release|Any CPU
		{CFE4CAB5-9AC5-48BB-87C6-E407FED2773D}.Release|ARM.Build.0 = Release|Any CPU
		{CFE4CAB5-9AC5-48BB-87C6-E407FED2773D}.Release|iPhone.ActiveCfg = Release|Any CPU
		{CFE4CAB5-9AC5-48BB-87C6-E407FED2773D}.Release|iPhone.Build.0 = Release|Any CPU
		{CFE4CAB5-9AC5-48BB-87C6-E407FED2773D}.Release|iPhoneSimulator.ActiveCfg = Release|Any CPU
		{CFE4CAB5-9AC5-48BB-87C6-E407FED2773D}.Release|iPhoneSimulator.Build.0 = Release|Any CPU
		{CFE4CAB5-9AC5-48BB-87C6-E407FED2773D}.Release|x64.ActiveCfg = Release|Any CPU
		{CFE4CAB5-9AC5-48BB-87C6-E407FED2773D}.Release|x64.Build.0 = Release|Any CPU
		{CFE4CAB5-9AC5-48BB-87C6-E407FED2773D}.Release|x86.ActiveCfg = Release|Any CPU
		{CFE4CAB5-9AC5-48BB-87C6-E407FED2773D}.Release|x86.Build.0 = Release|Any CPU
	EndGlobalSection
	GlobalSection(SolutionProperties) = preSolution
		HideSolutionNode = FALSE
	EndGlobalSection
	GlobalSection(ExtensibilityGlobals) = postSolution
		SolutionGuid = {883D8C64-B9AE-453C-9C80-FAD8537D12AE}
	EndGlobalSection
EndGlobal
